
Microsoft Visual Studio Solution File, Format Version 12.00
# Visual Studio Version 17
VisualStudioVersion = 17.14.36301.6
MinimumVisualStudioVersion = 10.0.40219.1
Project("{2150E333-8FDC-42A3-9474-1A3956D46DE8}") = "src", "src", "{02EA681E-C7D8-13C7-8484-4AC65E1B71E8}"
EndProject
Project("{FAE04EC0-301F-11D3-BF4B-00C04F79EFBC}") = "LibraryManagement.API", "src\LibraryManagement.API\LibraryManagement.API.csproj", "{34537C8A-D8D1-4E9F-AF13-3A4EB3291466}"
EndProject
Project("{2150E333-8FDC-42A3-9474-1A3956D46DE8}") = "tests", "tests", "{5B65EEAD-2521-4950-A600-3F4935830186}"
EndProject
Project("{2150E333-8FDC-42A3-9474-1A3956D46DE8}") = "Identity", "Identity", "{32B00598-DD23-48BE-9C25-D4488A81317B}"
EndProject
Project("{2150E333-8FDC-42A3-9474-1A3956D46DE8}") = "Borrowing", "Borrowing", "{DC0DD217-863A-4307-B991-A0916064F91A}"
EndProject
Project("{FAE04EC0-301F-11D3-BF4B-00C04F79EFBC}") = "Identity.Domain", "src\Identity\Identity.Domain\Identity.Domain.csproj", "{C0F776DC-009A-4B9E-8C25-5315BE98B8A9}"
EndProject
Project("{FAE04EC0-301F-11D3-BF4B-00C04F79EFBC}") = "Identity.Controllers", "src\Identity\Identity.Controllers\Identity.Controllers.csproj", "{4F64DF53-F476-4637-A310-E108DD6ACDAC}"
EndProject
Project("{FAE04EC0-301F-11D3-BF4B-00C04F79EFBC}") = "Identity.Application", "src\Identity\Identity.Application\Identity.Application.csproj", "{0C72B5AB-C0B7-08F1-64B6-63BDC7B4141C}"
EndProject
Project("{FAE04EC0-301F-11D3-BF4B-00C04F79EFBC}") = "Identity.Infrastructure", "src\Identity\Identity.Infrastructure\Identity.Infrastructure.csproj", "{EF045F96-5D5F-4E8F-9D7D-DFC085AFCD68}"
EndProject
Project("{FAE04EC0-301F-11D3-BF4B-00C04F79EFBC}") = "LibraryManagement.SharedKernel", "src\LibraryManagement.SharedKernel\LibraryManagement.SharedKernel.csproj", "{2BCEA7AC-A08C-41A6-B78E-0C8B41CCEC60}"
EndProject
Project("{FAE04EC0-301F-11D3-BF4B-00C04F79EFBC}") = "Borrowing.Controllers", "src\Borrowing\Borrowing.Controllers\Borrowing.Controllers.csproj", "{CB6393E3-914D-4826-93A5-088B20C2A8D9}"
EndProject
Project("{FAE04EC0-301F-11D3-BF4B-00C04F79EFBC}") = "Borrowing.Application", "src\Borrowing\LibraryManagement.Application\Borrowing.Application.csproj", "{CE80EAB4-61BD-9E9B-8F5E-FA1066B6DA59}"
EndProject
Project("{FAE04EC0-301F-11D3-BF4B-00C04F79EFBC}") = "Borrowing.Domain", "src\Borrowing\LibraryManagement.Domain\Borrowing.Domain.csproj", "{24D5D6A8-3F12-AED7-FC42-FE715F654F62}"
EndProject
Project("{FAE04EC0-301F-11D3-BF4B-00C04F79EFBC}") = "Borrowing.Infrastructure", "src\Borrowing\LibraryManagement.Infrastructure\Borrowing.Infrastructure.csproj", "{67EC49D6-E02F-6B14-45BA-F4D2814F8063}"
EndProject
Project("{FAE04EC0-301F-11D3-BF4B-00C04F79EFBC}") = "Identity.IntegrationEvent", "src\Identity\Identity.IntegrationEvent\Identity.IntegrationEvent.csproj", "{0E8DE6CE-4968-4311-9597-1E7DDEBF702E}"
EndProject
Project("{FAE04EC0-301F-11D3-BF4B-00C04F79EFBC}") = "LibraryManagement.Contracts", "src\LibraryManagement.Contracts\LibraryManagement.Contracts.csproj", "{F5A6D0AD-522C-413A-A113-20086569F4E4}"
EndProject
Project("{FAE04EC0-301F-11D3-BF4B-00C04F79EFBC}") = "Borrowing.IntegrationEvent", "src\Borrowing\Borrowing.IntegrationEvent\Borrowing.IntegrationEvent.csproj", "{6F7A999E-C82F-4092-A274-A01E18930F7B}"
EndProject
Global
	GlobalSection(SolutionConfigurationPlatforms) = preSolution
		Debug|Any CPU = Debug|Any CPU
		Release|Any CPU = Release|Any CPU
	EndGlobalSection
	GlobalSection(ProjectConfigurationPlatforms) = postSolution
		{34537C8A-D8D1-4E9F-AF13-3A4EB3291466}.Debug|Any CPU.ActiveCfg = Debug|Any CPU
		{34537C8A-D8D1-4E9F-AF13-3A4EB3291466}.Debug|Any CPU.Build.0 = Debug|Any CPU
		{34537C8A-D8D1-4E9F-AF13-3A4EB3291466}.Release|Any CPU.ActiveCfg = Release|Any CPU
		{34537C8A-D8D1-4E9F-AF13-3A4EB3291466}.Release|Any CPU.Build.0 = Release|Any CPU
		{C0F776DC-009A-4B9E-8C25-5315BE98B8A9}.Debug|Any CPU.ActiveCfg = Debug|Any CPU
		{C0F776DC-009A-4B9E-8C25-5315BE98B8A9}.Debug|Any CPU.Build.0 = Debug|Any CPU
		{C0F776DC-009A-4B9E-8C25-5315BE98B8A9}.Release|Any CPU.ActiveCfg = Release|Any CPU
		{C0F776DC-009A-4B9E-8C25-5315BE98B8A9}.Release|Any CPU.Build.0 = Release|Any CPU
		{4F64DF53-F476-4637-A310-E108DD6ACDAC}.Debug|Any CPU.ActiveCfg = Debug|Any CPU
		{4F64DF53-F476-4637-A310-E108DD6ACDAC}.Debug|Any CPU.Build.0 = Debug|Any CPU
		{4F64DF53-F476-4637-A310-E108DD6ACDAC}.Release|Any CPU.ActiveCfg = Release|Any CPU
		{4F64DF53-F476-4637-A310-E108DD6ACDAC}.Release|Any CPU.Build.0 = Release|Any CPU
		{0C72B5AB-C0B7-08F1-64B6-63BDC7B4141C}.Debug|Any CPU.ActiveCfg = Debug|Any CPU
		{0C72B5AB-C0B7-08F1-64B6-63BDC7B4141C}.Debug|Any CPU.Build.0 = Debug|Any CPU
		{0C72B5AB-C0B7-08F1-64B6-63BDC7B4141C}.Release|Any CPU.ActiveCfg = Release|Any CPU
		{0C72B5AB-C0B7-08F1-64B6-63BDC7B4141C}.Release|Any CPU.Build.0 = Release|Any CPU
		{EF045F96-5D5F-4E8F-9D7D-DFC085AFCD68}.Debug|Any CPU.ActiveCfg = Debug|Any CPU
		{EF045F96-5D5F-4E8F-9D7D-DFC085AFCD68}.Debug|Any CPU.Build.0 = Debug|Any CPU
		{EF045F96-5D5F-4E8F-9D7D-DFC085AFCD68}.Release|Any CPU.ActiveCfg = Release|Any CPU
		{EF045F96-5D5F-4E8F-9D7D-DFC085AFCD68}.Release|Any CPU.Build.0 = Release|Any CPU
		{2BCEA7AC-A08C-41A6-B78E-0C8B41CCEC60}.Debug|Any CPU.ActiveCfg = Debug|Any CPU
		{2BCEA7AC-A08C-41A6-B78E-0C8B41CCEC60}.Debug|Any CPU.Build.0 = Debug|Any CPU
		{2BCEA7AC-A08C-41A6-B78E-0C8B41CCEC60}.Release|Any CPU.ActiveCfg = Release|Any CPU
		{2BCEA7AC-A08C-41A6-B78E-0C8B41CCEC60}.Release|Any CPU.Build.0 = Release|Any CPU
		{CB6393E3-914D-4826-93A5-088B20C2A8D9}.Debug|Any CPU.ActiveCfg = Debug|Any CPU
		{CB6393E3-914D-4826-93A5-088B20C2A8D9}.Debug|Any CPU.Build.0 = Debug|Any CPU
		{CB6393E3-914D-4826-93A5-088B20C2A8D9}.Release|Any CPU.ActiveCfg = Release|Any CPU
		{CB6393E3-914D-4826-93A5-088B20C2A8D9}.Release|Any CPU.Build.0 = Release|Any CPU
		{CE80EAB4-61BD-9E9B-8F5E-FA1066B6DA59}.Debug|Any CPU.ActiveCfg = Debug|Any CPU
		{CE80EAB4-61BD-9E9B-8F5E-FA1066B6DA59}.Debug|Any CPU.Build.0 = Debug|Any CPU
		{CE80EAB4-61BD-9E9B-8F5E-FA1066B6DA59}.Release|Any CPU.ActiveCfg = Release|Any CPU
		{CE80EAB4-61BD-9E9B-8F5E-FA1066B6DA59}.Release|Any CPU.Build.0 = Release|Any CPU
		{24D5D6A8-3F12-AED7-FC42-FE715F654F62}.Debug|Any CPU.ActiveCfg = Debug|Any CPU
		{24D5D6A8-3F12-AED7-FC42-FE715F654F62}.Debug|Any CPU.Build.0 = Debug|Any CPU
		{24D5D6A8-3F12-AED7-FC42-FE715F654F62}.Release|Any CPU.ActiveCfg = Release|Any CPU
		{24D5D6A8-3F12-AED7-FC42-FE715F654F62}.Release|Any CPU.Build.0 = Release|Any CPU
		{67EC49D6-E02F-6B14-45BA-F4D2814F8063}.Debug|Any CPU.ActiveCfg = Debug|Any CPU
		{67EC49D6-E02F-6B14-45BA-F4D2814F8063}.Debug|Any CPU.Build.0 = Debug|Any CPU
		{67EC49D6-E02F-6B14-45BA-F4D2814F8063}.Release|Any CPU.ActiveCfg = Release|Any CPU
		{67EC49D6-E02F-6B14-45BA-F4D2814F8063}.Release|Any CPU.Build.0 = Release|Any CPU
		{0E8DE6CE-4968-4311-9597-1E7DDEBF702E}.Debug|Any CPU.ActiveCfg = Debug|Any CPU
		{0E8DE6CE-4968-4311-9597-1E7DDEBF702E}.Debug|Any CPU.Build.0 = Debug|Any CPU
		{0E8DE6CE-4968-4311-9597-1E7DDEBF702E}.Release|Any CPU.ActiveCfg = Release|Any CPU
		{0E8DE6CE-4968-4311-9597-1E7DDEBF702E}.Release|Any CPU.Build.0 = Release|Any CPU
		{F5A6D0AD-522C-413A-A113-20086569F4E4}.Debug|Any CPU.ActiveCfg = Debug|Any CPU
		{F5A6D0AD-522C-413A-A113-20086569F4E4}.Debug|Any CPU.Build.0 = Debug|Any CPU
		{F5A6D0AD-522C-413A-A113-20086569F4E4}.Release|Any CPU.ActiveCfg = Release|Any CPU
		{F5A6D0AD-522C-413A-A113-20086569F4E4}.Release|Any CPU.Build.0 = Release|Any CPU
		{6F7A999E-C82F-4092-A274-A01E18930F7B}.Debug|Any CPU.ActiveCfg = Debug|Any CPU
		{6F7A999E-C82F-4092-A274-A01E18930F7B}.Debug|Any CPU.Build.0 = Debug|Any CPU
		{6F7A999E-C82F-4092-A274-A01E18930F7B}.Release|Any CPU.ActiveCfg = Release|Any CPU
		{6F7A999E-C82F-4092-A274-A01E18930F7B}.Release|Any CPU.Build.0 = Release|Any CPU
	EndGlobalSection
	GlobalSection(SolutionProperties) = preSolution
		HideSolutionNode = FALSE
	EndGlobalSection
	GlobalSection(NestedProjects) = preSolution
		{34537C8A-D8D1-4E9F-AF13-3A4EB3291466} = {02EA681E-C7D8-13C7-8484-4AC65E1B71E8}
		{32B00598-DD23-48BE-9C25-D4488A81317B} = {02EA681E-C7D8-13C7-8484-4AC65E1B71E8}
		{DC0DD217-863A-4307-B991-A0916064F91A} = {02EA681E-C7D8-13C7-8484-4AC65E1B71E8}
		{C0F776DC-009A-4B9E-8C25-5315BE98B8A9} = {32B00598-DD23-48BE-9C25-D4488A81317B}
		{4F64DF53-F476-4637-A310-E108DD6ACDAC} = {32B00598-DD23-48BE-9C25-D4488A81317B}
		{0C72B5AB-C0B7-08F1-64B6-63BDC7B4141C} = {32B00598-DD23-48BE-9C25-D4488A81317B}
		{EF045F96-5D5F-4E8F-9D7D-DFC085AFCD68} = {32B00598-DD23-48BE-9C25-D4488A81317B}
		{2BCEA7AC-A08C-41A6-B78E-0C8B41CCEC60} = {02EA681E-C7D8-13C7-8484-4AC65E1B71E8}
		{CB6393E3-914D-4826-93A5-088B20C2A8D9} = {DC0DD217-863A-4307-B991-A0916064F91A}
		{CE80EAB4-61BD-9E9B-8F5E-FA1066B6DA59} = {DC0DD217-863A-4307-B991-A0916064F91A}
		{24D5D6A8-3F12-AED7-FC42-FE715F654F62} = {DC0DD217-863A-4307-B991-A0916064F91A}
		{67EC49D6-E02F-6B14-45BA-F4D2814F8063} = {DC0DD217-863A-4307-B991-A0916064F91A}
		{0E8DE6CE-4968-4311-9597-1E7DDEBF702E} = {32B00598-DD23-48BE-9C25-D4488A81317B}
		{F5A6D0AD-522C-413A-A113-20086569F4E4} = {02EA681E-C7D8-13C7-8484-4AC65E1B71E8}
		{6F7A999E-C82F-4092-A274-A01E18930F7B} = {DC0DD217-863A-4307-B991-A0916064F91A}
	EndGlobalSection
	GlobalSection(ExtensibilityGlobals) = postSolution
		SolutionGuid = {CC131C50-0BFE-4CD2-BB8C-EE2EFB559FEB}
	EndGlobalSection
EndGlobal
