
Microsoft Visual Studio Solution File, Format Version 12.00
# Visual Studio Version 17
VisualStudioVersion = 17.14.36301.6
MinimumVisualStudioVersion = 10.0.40219.1
Project("{2150E333-8FDC-42A3-9474-1A3956D46DE8}") = "src", "src", "{02EA681E-C7D8-13C7-8484-4AC65E1B71E8}"
EndProject
Project("{FAE04EC0-301F-11D3-BF4B-00C04F79EFBC}") = "LibraryManagement.API", "src\LibraryManagement.API\LibraryManagement.API.csproj", "{34537C8A-D8D1-4E9F-AF13-3A4EB3291466}"
EndProject
Project("{FAE04EC0-301F-11D3-BF4B-00C04F79EFBC}") = "Consolesdfsdf", "Console\Consolesdfsdf.csproj", "{0E61ADA8-9BCD-4C7A-81EA-0B3BC3DE9F2C}"
EndProject
Global
	GlobalSection(SolutionConfigurationPlatforms) = preSolution
		Debug|Any CPU = Debug|Any CPU
		Release|Any CPU = Release|Any CPU
	EndGlobalSection
	GlobalSection(ProjectConfigurationPlatforms) = postSolution
		{34537C8A-D8D1-4E9F-AF13-3A4EB3291466}.Debug|Any CPU.ActiveCfg = Debug|Any CPU
		{34537C8A-D8D1-4E9F-AF13-3A4EB3291466}.Debug|Any CPU.Build.0 = Debug|Any CPU
		{34537C8A-D8D1-4E9F-AF13-3A4EB3291466}.Release|Any CPU.ActiveCfg = Release|Any CPU
		{34537C8A-D8D1-4E9F-AF13-3A4EB3291466}.Release|Any CPU.Build.0 = Release|Any CPU
		{0E61ADA8-9BCD-4C7A-81EA-0B3BC3DE9F2C}.Debug|Any CPU.ActiveCfg = Debug|Any CPU
		{0E61ADA8-9BCD-4C7A-81EA-0B3BC3DE9F2C}.Debug|Any CPU.Build.0 = Debug|Any CPU
		{0E61ADA8-9BCD-4C7A-81EA-0B3BC3DE9F2C}.Release|Any CPU.ActiveCfg = Release|Any CPU
		{0E61ADA8-9BCD-4C7A-81EA-0B3BC3DE9F2C}.Release|Any CPU.Build.0 = Release|Any CPU
	EndGlobalSection
	GlobalSection(SolutionProperties) = preSolution
		HideSolutionNode = FALSE
	EndGlobalSection
	GlobalSection(NestedProjects) = preSolution
		{34537C8A-D8D1-4E9F-AF13-3A4EB3291466} = {02EA681E-C7D8-13C7-8484-4AC65E1B71E8}
		{0E61ADA8-9BCD-4C7A-81EA-0B3BC3DE9F2C} = {02EA681E-C7D8-13C7-8484-4AC65E1B71E8}
	EndGlobalSection
	GlobalSection(ExtensibilityGlobals) = postSolution
		SolutionGuid = {CC131C50-0BFE-4CD2-BB8C-EE2EFB559FEB}
	EndGlobalSection
EndGlobal
